// !$*UTF8*$!
{
	archiveVersion = 1;
	classes = {
	};
	objectVersion = 46;
	objects = {

/* Begin PBXBuildFile section */
		6F1468CF192E9AE70049E4D3 /* Foundation.framework in Frameworks */ = {isa = PBXBuildFile; fileRef = 6F1468CE192E9AE70049E4D3 /* Foundation.framework */; };
		6F1468D1192E9AE70049E4D3 /* CoreGraphics.framework in Frameworks */ = {isa = PBXBuildFile; fileRef = 6F1468D0192E9AE70049E4D3 /* CoreGraphics.framework */; };
		6F1468D3192E9AE70049E4D3 /* UIKit.framework in Frameworks */ = {isa = PBXBuildFile; fileRef = 6F1468D2192E9AE70049E4D3 /* UIKit.framework */; };
		6F1468D9192E9AE70049E4D3 /* InfoPlist.strings in Resources */ = {isa = PBXBuildFile; fileRef = 6F1468D7192E9AE70049E4D3 /* InfoPlist.strings */; };
		6F1468DB192E9AE70049E4D3 /* main.m in Sources */ = {isa = PBXBuildFile; fileRef = 6F1468DA192E9AE70049E4D3 /* main.m */; };
		6F1468DF192E9AE70049E4D3 /* FAAppDelegate.m in Sources */ = {isa = PBXBuildFile; fileRef = 6F1468DE192E9AE70049E4D3 /* FAAppDelegate.m */; };
		6F1468E1192E9AE70049E4D3 /* Images.xcassets in Resources */ = {isa = PBXBuildFile; fileRef = 6F1468E0192E9AE70049E4D3 /* Images.xcassets */; };
		6F1468E8192E9AE70049E4D3 /* XCTest.framework in Frameworks */ = {isa = PBXBuildFile; fileRef = 6F1468E7192E9AE70049E4D3 /* XCTest.framework */; };
		6F1468E9192E9AE70049E4D3 /* Foundation.framework in Frameworks */ = {isa = PBXBuildFile; fileRef = 6F1468CE192E9AE70049E4D3 /* Foundation.framework */; };
		6F1468EA192E9AE70049E4D3 /* UIKit.framework in Frameworks */ = {isa = PBXBuildFile; fileRef = 6F1468D2192E9AE70049E4D3 /* UIKit.framework */; };
		6F1468F2192E9AE70049E4D3 /* InfoPlist.strings in Resources */ = {isa = PBXBuildFile; fileRef = 6F1468F0192E9AE70049E4D3 /* InfoPlist.strings */; };
		6F1468F4192E9AE70049E4D3 /* anaconda_ios_demoTests.m in Sources */ = {isa = PBXBuildFile; fileRef = 6F1468F3192E9AE70049E4D3 /* anaconda_ios_demoTests.m */; };
/* End PBXBuildFile section */

/* Begin PBXContainerItemProxy section */
		6F1468EB192E9AE70049E4D3 /* PBXContainerItemProxy */ = {
			isa = PBXContainerItemProxy;
			containerPortal = 6F1468C3192E9AE70049E4D3 /* Project object */;
			proxyType = 1;
			remoteGlobalIDString = 6F1468CA192E9AE70049E4D3;
			remoteInfo = "anaconda-ios-demo";
		};
/* End PBXContainerItemProxy section */

/* Begin PBXFileReference section */
		6F1468CB192E9AE70049E4D3 /* anaconda-ios-demo.app */ = {isa = PBXFileReference; explicitFileType = wrapper.application; includeInIndex = 0; path = "anaconda-ios-demo.app"; sourceTree = BUILT_PRODUCTS_DIR; };
		6F1468CE192E9AE70049E4D3 /* Foundation.framework */ = {isa = PBXFileReference; lastKnownFileType = wrapper.framework; name = Foundation.framework; path = System/Library/Frameworks/Foundation.framework; sourceTree = SDKROOT; };
		6F1468D0192E9AE70049E4D3 /* CoreGraphics.framework */ = {isa = PBXFileReference; lastKnownFileType = wrapper.framework; name = CoreGraphics.framework; path = System/Library/Frameworks/CoreGraphics.framework; sourceTree = SDKROOT; };
		6F1468D2192E9AE70049E4D3 /* UIKit.framework */ = {isa = PBXFileReference; lastKnownFileType = wrapper.framework; name = UIKit.framework; path = System/Library/Frameworks/UIKit.framework; sourceTree = SDKROOT; };
		6F1468D6192E9AE70049E4D3 /* anaconda-ios-demo-Info.plist */ = {isa = PBXFileReference; lastKnownFileType = text.plist.xml; path = "anaconda-ios-demo-Info.plist"; sourceTree = "<group>"; };
		6F1468D8192E9AE70049E4D3 /* en */ = {isa = PBXFileReference; lastKnownFileType = text.plist.strings; name = en; path = en.lproj/InfoPlist.strings; sourceTree = "<group>"; };
		6F1468DA192E9AE70049E4D3 /* main.m */ = {isa = PBXFileReference; lastKnownFileType = sourcecode.c.objc; path = main.m; sourceTree = "<group>"; };
		6F1468DC192E9AE70049E4D3 /* anaconda-ios-demo-Prefix.pch */ = {isa = PBXFileReference; lastKnownFileType = sourcecode.c.h; path = "anaconda-ios-demo-Prefix.pch"; sourceTree = "<group>"; };
		6F1468DD192E9AE70049E4D3 /* FAAppDelegate.h */ = {isa = PBXFileReference; lastKnownFileType = sourcecode.c.h; path = FAAppDelegate.h; sourceTree = "<group>"; };
		6F1468DE192E9AE70049E4D3 /* FAAppDelegate.m */ = {isa = PBXFileReference; lastKnownFileType = sourcecode.c.objc; path = FAAppDelegate.m; sourceTree = "<group>"; };
		6F1468E0192E9AE70049E4D3 /* Images.xcassets */ = {isa = PBXFileReference; lastKnownFileType = folder.assetcatalog; path = Images.xcassets; sourceTree = "<group>"; };
		6F1468E6192E9AE70049E4D3 /* anaconda-ios-demoTests.xctest */ = {isa = PBXFileReference; explicitFileType = wrapper.cfbundle; includeInIndex = 0; path = "anaconda-ios-demoTests.xctest"; sourceTree = BUILT_PRODUCTS_DIR; };
		6F1468E7192E9AE70049E4D3 /* XCTest.framework */ = {isa = PBXFileReference; lastKnownFileType = wrapper.framework; name = XCTest.framework; path = Library/Frameworks/XCTest.framework; sourceTree = DEVELOPER_DIR; };
		6F1468EF192E9AE70049E4D3 /* anaconda-ios-demoTests-Info.plist */ = {isa = PBXFileReference; lastKnownFileType = text.plist.xml; path = "anaconda-ios-demoTests-Info.plist"; sourceTree = "<group>"; };
		6F1468F1192E9AE70049E4D3 /* en */ = {isa = PBXFileReference; lastKnownFileType = text.plist.strings; name = en; path = en.lproj/InfoPlist.strings; sourceTree = "<group>"; };
		6F1468F3192E9AE70049E4D3 /* anaconda_ios_demoTests.m */ = {isa = PBXFileReference; lastKnownFileType = sourcecode.c.objc; path = anaconda_ios_demoTests.m; sourceTree = "<group>"; };
/* End PBXFileReference section */

/* Begin PBXFrameworksBuildPhase section */
		6F1468C8192E9AE70049E4D3 /* Frameworks */ = {
			isa = PBXFrameworksBuildPhase;
			buildActionMask = 2147483647;
			files = (
				6F1468D1192E9AE70049E4D3 /* CoreGraphics.framework in Frameworks */,
				6F1468D3192E9AE70049E4D3 /* UIKit.framework in Frameworks */,
				6F1468CF192E9AE70049E4D3 /* Foundation.framework in Frameworks */,
			);
			runOnlyForDeploymentPostprocessing = 0;
		};
		6F1468E3192E9AE70049E4D3 /* Frameworks */ = {
			isa = PBXFrameworksBuildPhase;
			buildActionMask = 2147483647;
			files = (
				6F1468E8192E9AE70049E4D3 /* XCTest.framework in Frameworks */,
				6F1468EA192E9AE70049E4D3 /* UIKit.framework in Frameworks */,
				6F1468E9192E9AE70049E4D3 /* Foundation.framework in Frameworks */,
			);
			runOnlyForDeploymentPostprocessing = 0;
		};
/* End PBXFrameworksBuildPhase section */

/* Begin PBXGroup section */
		6F1468C2192E9AE70049E4D3 = {
			isa = PBXGroup;
			children = (
				6F1468D4192E9AE70049E4D3 /* anaconda-ios-demo */,
				6F1468ED192E9AE70049E4D3 /* anaconda-ios-demoTests */,
				6F1468CD192E9AE70049E4D3 /* Frameworks */,
				6F1468CC192E9AE70049E4D3 /* Products */,
			);
			sourceTree = "<group>";
		};
		6F1468CC192E9AE70049E4D3 /* Products */ = {
			isa = PBXGroup;
			children = (
				6F1468CB192E9AE70049E4D3 /* anaconda-ios-demo.app */,
				6F1468E6192E9AE70049E4D3 /* anaconda-ios-demoTests.xctest */,
			);
			name = Products;
			sourceTree = "<group>";
		};
		6F1468CD192E9AE70049E4D3 /* Frameworks */ = {
			isa = PBXGroup;
			children = (
				6F1468CE192E9AE70049E4D3 /* Foundation.framework */,
				6F1468D0192E9AE70049E4D3 /* CoreGraphics.framework */,
				6F1468D2192E9AE70049E4D3 /* UIKit.framework */,
				6F1468E7192E9AE70049E4D3 /* XCTest.framework */,
			);
			name = Frameworks;
			sourceTree = "<group>";
		};
		6F1468D4192E9AE70049E4D3 /* anaconda-ios-demo */ = {
			isa = PBXGroup;
			children = (
				6F1468DD192E9AE70049E4D3 /* FAAppDelegate.h */,
				6F1468DE192E9AE70049E4D3 /* FAAppDelegate.m */,
				6F1468E0192E9AE70049E4D3 /* Images.xcassets */,
				6F1468D5192E9AE70049E4D3 /* Supporting Files */,
			);
			path = "anaconda-ios-demo";
			sourceTree = "<group>";
		};
		6F1468D5192E9AE70049E4D3 /* Supporting Files */ = {
			isa = PBXGroup;
			children = (
				6F1468D6192E9AE70049E4D3 /* anaconda-ios-demo-Info.plist */,
				6F1468D7192E9AE70049E4D3 /* InfoPlist.strings */,
				6F1468DA192E9AE70049E4D3 /* main.m */,
				6F1468DC192E9AE70049E4D3 /* anaconda-ios-demo-Prefix.pch */,
			);
			name = "Supporting Files";
			sourceTree = "<group>";
		};
		6F1468ED192E9AE70049E4D3 /* anaconda-ios-demoTests */ = {
			isa = PBXGroup;
			children = (
				6F1468F3192E9AE70049E4D3 /* anaconda_ios_demoTests.m */,
				6F1468EE192E9AE70049E4D3 /* Supporting Files */,
			);
			path = "anaconda-ios-demoTests";
			sourceTree = "<group>";
		};
		6F1468EE192E9AE70049E4D3 /* Supporting Files */ = {
			isa = PBXGroup;
			children = (
				6F1468EF192E9AE70049E4D3 /* anaconda-ios-demoTests-Info.plist */,
				6F1468F0192E9AE70049E4D3 /* InfoPlist.strings */,
			);
			name = "Supporting Files";
			sourceTree = "<group>";
		};
/* End PBXGroup section */

/* Begin PBXNativeTarget section */
		6F1468CA192E9AE70049E4D3 /* anaconda-ios-demo */ = {
			isa = PBXNativeTarget;
			buildConfigurationList = 6F1468F7192E9AE70049E4D3 /* Build configuration list for PBXNativeTarget "anaconda-ios-demo" */;
			buildPhases = (
				6F1468C7192E9AE70049E4D3 /* Sources */,
				6F1468C8192E9AE70049E4D3 /* Frameworks */,
				6F1468C9192E9AE70049E4D3 /* Resources */,
			);
			buildRules = (
			);
			dependencies = (
			);
			name = "anaconda-ios-demo";
			productName = "anaconda-ios-demo";
			productReference = 6F1468CB192E9AE70049E4D3 /* anaconda-ios-demo.app */;
			productType = "com.apple.product-type.application";
		};
		6F1468E5192E9AE70049E4D3 /* anaconda-ios-demoTests */ = {
			isa = PBXNativeTarget;
			buildConfigurationList = 6F1468FA192E9AE70049E4D3 /* Build configuration list for PBXNativeTarget "anaconda-ios-demoTests" */;
			buildPhases = (
				6F1468E2192E9AE70049E4D3 /* Sources */,
				6F1468E3192E9AE70049E4D3 /* Frameworks */,
				6F1468E4192E9AE70049E4D3 /* Resources */,
			);
			buildRules = (
			);
			dependencies = (
				6F1468EC192E9AE70049E4D3 /* PBXTargetDependency */,
			);
			name = "anaconda-ios-demoTests";
			productName = "anaconda-ios-demoTests";
			productReference = 6F1468E6192E9AE70049E4D3 /* anaconda-ios-demoTests.xctest */;
			productType = "com.apple.product-type.bundle.unit-test";
		};
/* End PBXNativeTarget section */

/* Begin PBXProject section */
		6F1468C3192E9AE70049E4D3 /* Project object */ = {
			isa = PBXProject;
			attributes = {
				CLASSPREFIX = FA;
				LastUpgradeCheck = 0510;
				ORGANIZATIONNAME = ForgeApps;
				TargetAttributes = {
					6F1468E5192E9AE70049E4D3 = {
						TestTargetID = 6F1468CA192E9AE70049E4D3;
					};
				};
			};
			buildConfigurationList = 6F1468C6192E9AE70049E4D3 /* Build configuration list for PBXProject "anaconda-ios-demo" */;
			compatibilityVersion = "Xcode 3.2";
			developmentRegion = English;
			hasScannedForEncodings = 0;
			knownRegions = (
				en,
			);
			mainGroup = 6F1468C2192E9AE70049E4D3;
			productRefGroup = 6F1468CC192E9AE70049E4D3 /* Products */;
			projectDirPath = "";
			projectRoot = "";
			targets = (
				6F1468CA192E9AE70049E4D3 /* anaconda-ios-demo */,
				6F1468E5192E9AE70049E4D3 /* anaconda-ios-demoTests */,
			);
		};
/* End PBXProject section */

/* Begin PBXResourcesBuildPhase section */
		6F1468C9192E9AE70049E4D3 /* Resources */ = {
			isa = PBXResourcesBuildPhase;
			buildActionMask = 2147483647;
			files = (
				6F1468D9192E9AE70049E4D3 /* InfoPlist.strings in Resources */,
				6F1468E1192E9AE70049E4D3 /* Images.xcassets in Resources */,
			);
			runOnlyForDeploymentPostprocessing = 0;
		};
		6F1468E4192E9AE70049E4D3 /* Resources */ = {
			isa = PBXResourcesBuildPhase;
			buildActionMask = 2147483647;
			files = (
				6F1468F2192E9AE70049E4D3 /* InfoPlist.strings in Resources */,
			);
			runOnlyForDeploymentPostprocessing = 0;
		};
/* End PBXResourcesBuildPhase section */

/* Begin PBXSourcesBuildPhase section */
		6F1468C7192E9AE70049E4D3 /* Sources */ = {
			isa = PBXSourcesBuildPhase;
			buildActionMask = 2147483647;
			files = (
				6F1468DB192E9AE70049E4D3 /* main.m in Sources */,
				6F1468DF192E9AE70049E4D3 /* FAAppDelegate.m in Sources */,
			);
			runOnlyForDeploymentPostprocessing = 0;
		};
		6F1468E2192E9AE70049E4D3 /* Sources */ = {
			isa = PBXSourcesBuildPhase;
			buildActionMask = 2147483647;
			files = (
				6F1468F4192E9AE70049E4D3 /* anaconda_ios_demoTests.m in Sources */,
			);
			runOnlyForDeploymentPostprocessing = 0;
		};
/* End PBXSourcesBuildPhase section */

/* Begin PBXTargetDependency section */
		6F1468EC192E9AE70049E4D3 /* PBXTargetDependency */ = {
			isa = PBXTargetDependency;
			target = 6F1468CA192E9AE70049E4D3 /* anaconda-ios-demo */;
			targetProxy = 6F1468EB192E9AE70049E4D3 /* PBXContainerItemProxy */;
		};
/* End PBXTargetDependency section */

/* Begin PBXVariantGroup section */
		6F1468D7192E9AE70049E4D3 /* InfoPlist.strings */ = {
			isa = PBXVariantGroup;
			children = (
				6F1468D8192E9AE70049E4D3 /* en */,
			);
			name = InfoPlist.strings;
			sourceTree = "<group>";
		};
		6F1468F0192E9AE70049E4D3 /* InfoPlist.strings */ = {
			isa = PBXVariantGroup;
			children = (
				6F1468F1192E9AE70049E4D3 /* en */,
			);
			name = InfoPlist.strings;
			sourceTree = "<group>";
		};
/* End PBXVariantGroup section */

/* Begin XCBuildConfiguration section */
		6F1468F5192E9AE70049E4D3 /* Debug */ = {
			isa = XCBuildConfiguration;
			buildSettings = {
				ALWAYS_SEARCH_USER_PATHS = NO;
				CLANG_CXX_LANGUAGE_STANDARD = "gnu++0x";
				CLANG_CXX_LIBRARY = "libc++";
				CLANG_ENABLE_MODULES = YES;
				CLANG_ENABLE_OBJC_ARC = YES;
				CLANG_WARN_BOOL_CONVERSION = YES;
				CLANG_WARN_CONSTANT_CONVERSION = YES;
				CLANG_WARN_DIRECT_OBJC_ISA_USAGE = YES_ERROR;
				CLANG_WARN_EMPTY_BODY = YES;
				CLANG_WARN_ENUM_CONVERSION = YES;
				CLANG_WARN_INT_CONVERSION = YES;
				CLANG_WARN_OBJC_ROOT_CLASS = YES_ERROR;
				CLANG_WARN__DUPLICATE_METHOD_MATCH = YES;
				"CODE_SIGN_IDENTITY[sdk=iphoneos*]" = "iPhone Developer";
				COPY_PHASE_STRIP = NO;
				GCC_C_LANGUAGE_STANDARD = gnu99;
				GCC_DYNAMIC_NO_PIC = NO;
				GCC_OPTIMIZATION_LEVEL = 0;
				GCC_PREPROCESSOR_DEFINITIONS = (
					"DEBUG=1",
					"$(inherited)",
				);
				GCC_SYMBOLS_PRIVATE_EXTERN = NO;
				GCC_WARN_64_TO_32_BIT_CONVERSION = YES;
				GCC_WARN_ABOUT_RETURN_TYPE = YES_ERROR;
				GCC_WARN_UNDECLARED_SELECTOR = YES;
				GCC_WARN_UNINITIALIZED_AUTOS = YES_AGGRESSIVE;
				GCC_WARN_UNUSED_FUNCTION = YES;
				GCC_WARN_UNUSED_VARIABLE = YES;
				IPHONEOS_DEPLOYMENT_TARGET = 7.1;
				ONLY_ACTIVE_ARCH = YES;
				SDKROOT = iphoneos;
			};
			name = Debug;
		};
		6F1468F6192E9AE70049E4D3 /* Release */ = {
			isa = XCBuildConfiguration;
			buildSettings = {
				ALWAYS_SEARCH_USER_PATHS = NO;
				CLANG_CXX_LANGUAGE_STANDARD = "gnu++0x";
				CLANG_CXX_LIBRARY = "libc++";
				CLANG_ENABLE_MODULES = YES;
				CLANG_ENABLE_OBJC_ARC = YES;
				CLANG_WARN_BOOL_CONVERSION = YES;
				CLANG_WARN_CONSTANT_CONVERSION = YES;
				CLANG_WARN_DIRECT_OBJC_ISA_USAGE = YES_ERROR;
				CLANG_WARN_EMPTY_BODY = YES;
				CLANG_WARN_ENUM_CONVERSION = YES;
				CLANG_WARN_INT_CONVERSION = YES;
				CLANG_WARN_OBJC_ROOT_CLASS = YES_ERROR;
				CLANG_WARN__DUPLICATE_METHOD_MATCH = YES;
				"CODE_SIGN_IDENTITY[sdk=iphoneos*]" = "iPhone Developer";
				COPY_PHASE_STRIP = YES;
				ENABLE_NS_ASSERTIONS = NO;
				GCC_C_LANGUAGE_STANDARD = gnu99;
				GCC_WARN_64_TO_32_BIT_CONVERSION = YES;
				GCC_WARN_ABOUT_RETURN_TYPE = YES_ERROR;
				GCC_WARN_UNDECLARED_SELECTOR = YES;
				GCC_WARN_UNINITIALIZED_AUTOS = YES_AGGRESSIVE;
				GCC_WARN_UNUSED_FUNCTION = YES;
				GCC_WARN_UNUSED_VARIABLE = YES;
				IPHONEOS_DEPLOYMENT_TARGET = 7.1;
				SDKROOT = iphoneos;
				VALIDATE_PRODUCT = YES;
			};
			name = Release;
		};
		6F1468F8192E9AE70049E4D3 /* Debug */ = {
			isa = XCBuildConfiguration;
			buildSettings = {
				ASSETCATALOG_COMPILER_APPICON_NAME = AppIcon;
				ASSETCATALOG_COMPILER_LAUNCHIMAGE_NAME = LaunchImage;
				GCC_PRECOMPILE_PREFIX_HEADER = YES;
				GCC_PREFIX_HEADER = "anaconda-ios-demo/anaconda-ios-demo-Prefix.pch";
				INFOPLIST_FILE = "anaconda-ios-demo/anaconda-ios-demo-Info.plist";
				PRODUCT_NAME = "$(TARGET_NAME)";
				WRAPPER_EXTENSION = app;
			};
			name = Debug;
		};
		6F1468F9192E9AE70049E4D3 /* Release */ = {
			isa = XCBuildConfiguration;
			buildSettings = {
				ASSETCATALOG_COMPILER_APPICON_NAME = AppIcon;
				ASSETCATALOG_COMPILER_LAUNCHIMAGE_NAME = LaunchImage;
				GCC_PRECOMPILE_PREFIX_HEADER = YES;
				GCC_PREFIX_HEADER = "anaconda-ios-demo/anaconda-ios-demo-Prefix.pch";
				INFOPLIST_FILE = "anaconda-ios-demo/anaconda-ios-demo-Info.plist";
				PRODUCT_NAME = "$(TARGET_NAME)";
				WRAPPER_EXTENSION = app;
			};
			name = Release;
		};
		6F1468FB192E9AE70049E4D3 /* Debug */ = {
			isa = XCBuildConfiguration;
			buildSettings = {
				BUNDLE_LOADER = "$(BUILT_PRODUCTS_DIR)/anaconda-ios-demo.app/anaconda-ios-demo";
				FRAMEWORK_SEARCH_PATHS = (
					"$(SDKROOT)/Developer/Library/Frameworks",
					"$(inherited)",
					"$(DEVELOPER_FRAMEWORKS_DIR)",
				);
				GCC_PRECOMPILE_PREFIX_HEADER = YES;
				GCC_PREFIX_HEADER = "anaconda-ios-demo/anaconda-ios-demo-Prefix.pch";
				GCC_PREPROCESSOR_DEFINITIONS = (
					"DEBUG=1",
					"$(inherited)",
				);
				INFOPLIST_FILE = "anaconda-ios-demoTests/anaconda-ios-demoTests-Info.plist";
				PRODUCT_NAME = "$(TARGET_NAME)";
				TEST_HOST = "$(BUNDLE_LOADER)";
				WRAPPER_EXTENSION = xctest;
			};
			name = Debug;
		};
		6F1468FC192E9AE70049E4D3 /* Release */ = {
			isa = XCBuildConfiguration;
			buildSettings = {
				BUNDLE_LOADER = "$(BUILT_PRODUCTS_DIR)/anaconda-ios-demo.app/anaconda-ios-demo";
				FRAMEWORK_SEARCH_PATHS = (
					"$(SDKROOT)/Developer/Library/Frameworks",
					"$(inherited)",
					"$(DEVELOPER_FRAMEWORKS_DIR)",
				);
				GCC_PRECOMPILE_PREFIX_HEADER = YES;
				GCC_PREFIX_HEADER = "anaconda-ios-demo/anaconda-ios-demo-Prefix.pch";
				INFOPLIST_FILE = "anaconda-ios-demoTests/anaconda-ios-demoTests-Info.plist";
				PRODUCT_NAME = "$(TARGET_NAME)";
				TEST_HOST = "$(BUNDLE_LOADER)";
				WRAPPER_EXTENSION = xctest;
			};
			name = Release;
		};
/* End XCBuildConfiguration section */

/* Begin XCConfigurationList section */
		6F1468C6192E9AE70049E4D3 /* Build configuration list for PBXProject "anaconda-ios-demo" */ = {
			isa = XCConfigurationList;
			buildConfigurations = (
				6F1468F5192E9AE70049E4D3 /* Debug */,
				6F1468F6192E9AE70049E4D3 /* Release */,
			);
			defaultConfigurationIsVisible = 0;
			defaultConfigurationName = Release;
		};
		6F1468F7192E9AE70049E4D3 /* Build configuration list for PBXNativeTarget "anaconda-ios-demo" */ = {
			isa = XCConfigurationList;
			buildConfigurations = (
				6F1468F8192E9AE70049E4D3 /* Debug */,
				6F1468F9192E9AE70049E4D3 /* Release */,
			);
			defaultConfigurationIsVisible = 0;
		};
		6F1468FA192E9AE70049E4D3 /* Build configuration list for PBXNativeTarget "anaconda-ios-demoTests" */ = {
			isa = XCConfigurationList;
			buildConfigurations = (
				6F1468FB192E9AE70049E4D3 /* Debug */,
				6F1468FC192E9AE70049E4D3 /* Release */,
			);
			defaultConfigurationIsVisible = 0;
		};
/* End XCConfigurationList section */
	};
	rootObject = 6F1468C3192E9AE70049E4D3 /* Project object */;
}
